
Microsoft Visual Studio Solution File, Format Version 12.00
# Visual Studio Version 16
VisualStudioVersion = 16.0.29728.190
MinimumVisualStudioVersion = 10.0.40219.1
Project("{9A19103F-16F7-4668-BE54-9A1E7A4F7556}") = "AccountSpaceAPI", "AccountSpaceAPI\AccountSpaceAPI.csproj", "{4CBE4FB6-B08F-4D3F-A53E-230763F56733}"
EndProject
Project("{9A19103F-16F7-4668-BE54-9A1E7A4F7556}") = "AccountSpaceUI", "AccountSpaceUI\AccountSpaceUI.csproj", "{7C118CA6-51B5-4B22-A455-23DDA1AA96CF}"
EndProject
Project("{FAE04EC0-301F-11D3-BF4B-00C04F79EFBC}") = "ITracker", "ITracker\ITracker.csproj", "{80E1413F-C709-40B9-95BB-87D1A240627F}"
EndProject
Global
	GlobalSection(SolutionConfigurationPlatforms) = preSolution
		Debug|Any CPU = Debug|Any CPU
		Release|Any CPU = Release|Any CPU
	EndGlobalSection
	GlobalSection(ProjectConfigurationPlatforms) = postSolution
		{4CBE4FB6-B08F-4D3F-A53E-230763F56733}.Debug|Any CPU.ActiveCfg = Debug|Any CPU
		{4CBE4FB6-B08F-4D3F-A53E-230763F56733}.Debug|Any CPU.Build.0 = Debug|Any CPU
		{4CBE4FB6-B08F-4D3F-A53E-230763F56733}.Release|Any CPU.ActiveCfg = Release|Any CPU
		{4CBE4FB6-B08F-4D3F-A53E-230763F56733}.Release|Any CPU.Build.0 = Release|Any CPU
		{7C118CA6-51B5-4B22-A455-23DDA1AA96CF}.Debug|Any CPU.ActiveCfg = Debug|Any CPU
		{7C118CA6-51B5-4B22-A455-23DDA1AA96CF}.Debug|Any CPU.Build.0 = Debug|Any CPU
		{7C118CA6-51B5-4B22-A455-23DDA1AA96CF}.Release|Any CPU.ActiveCfg = Release|Any CPU
		{7C118CA6-51B5-4B22-A455-23DDA1AA96CF}.Release|Any CPU.Build.0 = Release|Any CPU
		{80E1413F-C709-40B9-95BB-87D1A240627F}.Debug|Any CPU.ActiveCfg = Debug|Any CPU
		{80E1413F-C709-40B9-95BB-87D1A240627F}.Debug|Any CPU.Build.0 = Debug|Any CPU
		{80E1413F-C709-40B9-95BB-87D1A240627F}.Release|Any CPU.ActiveCfg = Release|Any CPU
		{80E1413F-C709-40B9-95BB-87D1A240627F}.Release|Any CPU.Build.0 = Release|Any CPU
	EndGlobalSection
	GlobalSection(SolutionProperties) = preSolution
		HideSolutionNode = FALSE
	EndGlobalSection
	GlobalSection(ExtensibilityGlobals) = postSolution
		SolutionGuid = {50877CD4-554E-4658-B0F5-5F190C34EE87}
	EndGlobalSection
EndGlobal
